
Microsoft Visual Studio Solution File, Format Version 12.00
# Visual Studio Version 17
VisualStudioVersion = 17.10.35004.147
MinimumVisualStudioVersion = 10.0.40219.1
Project("{8BC9CEB8-8B4A-11D0-8D11-00A0C91BC942}") = "WindowsProject1", "WindowsProject1\WindowsProject1.vcxproj", "{1696C1A0-ED54-4DE0-8FD2-E95F7E27EDE6}"
EndProject
Global
	GlobalSection(SolutionConfigurationPlatforms) = preSolution
		Debug|x64 = Debug|x64
		Debug|x86 = Debug|x86
		Release|x64 = Release|x64
		Release|x86 = Release|x86
	EndGlobalSection
	GlobalSection(ProjectConfigurationPlatforms) = postSolution
		{1696C1A0-ED54-4DE0-8FD2-E95F7E27EDE6}.Debug|x64.ActiveCfg = Debug|x64
		{1696C1A0-ED54-4DE0-8FD2-E95F7E27EDE6}.Debug|x64.Build.0 = Debug|x64
		{1696C1A0-ED54-4DE0-8FD2-E95F7E27EDE6}.Debug|x86.ActiveCfg = Debug|Win32
		{1696C1A0-ED54-4DE0-8FD2-E95F7E27EDE6}.Debug|x86.Build.0 = Debug|Win32
		{1696C1A0-ED54-4DE0-8FD2-E95F7E27EDE6}.Release|x64.ActiveCfg = Release|x64
		{1696C1A0-ED54-4DE0-8FD2-E95F7E27EDE6}.Release|x64.Build.0 = Release|x64
		{1696C1A0-ED54-4DE0-8FD2-E95F7E27EDE6}.Release|x86.ActiveCfg = Release|Win32
		{1696C1A0-ED54-4DE0-8FD2-E95F7E27EDE6}.Release|x86.Build.0 = Release|Win32
	EndGlobalSection
	GlobalSection(SolutionProperties) = preSolution
		HideSolutionNode = FALSE
	EndGlobalSection
	GlobalSection(ExtensibilityGlobals) = postSolution
		SolutionGuid = {99EB01C5-A5F4-4420-8310-C3DD242E90CE}
	EndGlobalSection
EndGlobal
